// !$*UTF8*$!
{
	archiveVersion = 1;
	classes = {
	};
	objectVersion = 46;
	objects = {

/* Begin PBXBuildFile section */
		292A15071F1B415A00460A77 /* AppDelegate.swift in Sources */ = {isa = PBXBuildFile; fileRef = 292A15061F1B415A00460A77 /* AppDelegate.swift */; };
		292A15091F1B415A00460A77 /* MemeEditorViewController.swift in Sources */ = {isa = PBXBuildFile; fileRef = 292A15081F1B415A00460A77 /* MemeEditorViewController.swift */; };
		292A150C1F1B415A00460A77 /* Main.storyboard in Resources */ = {isa = PBXBuildFile; fileRef = 292A150A1F1B415A00460A77 /* Main.storyboard */; };
		292A150E1F1B415A00460A77 /* Assets.xcassets in Resources */ = {isa = PBXBuildFile; fileRef = 292A150D1F1B415A00460A77 /* Assets.xcassets */; };
		292A15111F1B415A00460A77 /* LaunchScreen.storyboard in Resources */ = {isa = PBXBuildFile; fileRef = 292A150F1F1B415A00460A77 /* LaunchScreen.storyboard */; };
		292A15191F1B468B00460A77 /* TextFieldDelegate.swift in Sources */ = {isa = PBXBuildFile; fileRef = 292A15181F1B468B00460A77 /* TextFieldDelegate.swift */; };
		292A151B1F1B46AA00460A77 /* MemeModel.swift in Sources */ = {isa = PBXBuildFile; fileRef = 292A151A1F1B46AA00460A77 /* MemeModel.swift */; };
		299B6ACD1F25A6BA000272AD /* SentMemesTableViewController.swift in Sources */ = {isa = PBXBuildFile; fileRef = 299B6ACC1F25A6BA000272AD /* SentMemesTableViewController.swift */; };
		299B6ACF1F25C51F000272AD /* MemeDetailViewController.swift in Sources */ = {isa = PBXBuildFile; fileRef = 299B6ACE1F25C51F000272AD /* MemeDetailViewController.swift */; };
/* End PBXBuildFile section */

/* Begin PBXFileReference section */
		292A15031F1B415A00460A77 /* MemeMeV2.app */ = {isa = PBXFileReference; explicitFileType = wrapper.application; includeInIndex = 0; path = MemeMeV2.app; sourceTree = BUILT_PRODUCTS_DIR; };
		292A15061F1B415A00460A77 /* AppDelegate.swift */ = {isa = PBXFileReference; lastKnownFileType = sourcecode.swift; path = AppDelegate.swift; sourceTree = "<group>"; };
		292A15081F1B415A00460A77 /* MemeEditorViewController.swift */ = {isa = PBXFileReference; lastKnownFileType = sourcecode.swift; path = MemeEditorViewController.swift; sourceTree = "<group>"; };
		292A150B1F1B415A00460A77 /* Base */ = {isa = PBXFileReference; lastKnownFileType = file.storyboard; name = Base; path = Base.lproj/Main.storyboard; sourceTree = "<group>"; };
		292A150D1F1B415A00460A77 /* Assets.xcassets */ = {isa = PBXFileReference; lastKnownFileType = folder.assetcatalog; path = Assets.xcassets; sourceTree = "<group>"; };
		292A15101F1B415A00460A77 /* Base */ = {isa = PBXFileReference; lastKnownFileType = file.storyboard; name = Base; path = Base.lproj/LaunchScreen.storyboard; sourceTree = "<group>"; };
		292A15121F1B415A00460A77 /* Info.plist */ = {isa = PBXFileReference; lastKnownFileType = text.plist.xml; path = Info.plist; sourceTree = "<group>"; };
		292A15181F1B468B00460A77 /* TextFieldDelegate.swift */ = {isa = PBXFileReference; fileEncoding = 4; lastKnownFileType = sourcecode.swift; path = TextFieldDelegate.swift; sourceTree = "<group>"; };
		292A151A1F1B46AA00460A77 /* MemeModel.swift */ = {isa = PBXFileReference; fileEncoding = 4; lastKnownFileType = sourcecode.swift; path = MemeModel.swift; sourceTree = "<group>"; };
		299B6ACC1F25A6BA000272AD /* SentMemesTableViewController.swift */ = {isa = PBXFileReference; fileEncoding = 4; lastKnownFileType = sourcecode.swift; path = SentMemesTableViewController.swift; sourceTree = "<group>"; };
		299B6ACE1F25C51F000272AD /* MemeDetailViewController.swift */ = {isa = PBXFileReference; fileEncoding = 4; lastKnownFileType = sourcecode.swift; path = MemeDetailViewController.swift; sourceTree = "<group>"; };
/* End PBXFileReference section */

/* Begin PBXFrameworksBuildPhase section */
		292A15001F1B415A00460A77 /* Frameworks */ = {
			isa = PBXFrameworksBuildPhase;
			buildActionMask = 2147483647;
			files = (
			);
			runOnlyForDeploymentPostprocessing = 0;
		};
/* End PBXFrameworksBuildPhase section */

/* Begin PBXGroup section */
		292A14FA1F1B415A00460A77 = {
			isa = PBXGroup;
			children = (
				292A15051F1B415A00460A77 /* MemeMeV2 */,
				292A15041F1B415A00460A77 /* Products */,
			);
			sourceTree = "<group>";
		};
		292A15041F1B415A00460A77 /* Products */ = {
			isa = PBXGroup;
			children = (
				292A15031F1B415A00460A77 /* MemeMeV2.app */,
			);
			name = Products;
			sourceTree = "<group>";
		};
		292A15051F1B415A00460A77 /* MemeMeV2 */ = {
			isa = PBXGroup;
			children = (
				292A15061F1B415A00460A77 /* AppDelegate.swift */,
				292A15081F1B415A00460A77 /* MemeEditorViewController.swift */,
				292A15181F1B468B00460A77 /* TextFieldDelegate.swift */,
				292A151A1F1B46AA00460A77 /* MemeModel.swift */,
				299B6ACC1F25A6BA000272AD /* SentMemesTableViewController.swift */,
				299B6ACE1F25C51F000272AD /* MemeDetailViewController.swift */,
				292A150A1F1B415A00460A77 /* Main.storyboard */,
				292A150D1F1B415A00460A77 /* Assets.xcassets */,
				292A150F1F1B415A00460A77 /* LaunchScreen.storyboard */,
				292A15121F1B415A00460A77 /* Info.plist */,
			);
			path = MemeMeV2;
			sourceTree = "<group>";
		};
/* End PBXGroup section */

/* Begin PBXNativeTarget section */
		292A15021F1B415A00460A77 /* MemeMeV2 */ = {
			isa = PBXNativeTarget;
			buildConfigurationList = 292A15151F1B415A00460A77 /* Build configuration list for PBXNativeTarget "MemeMeV2" */;
			buildPhases = (
				292A14FF1F1B415A00460A77 /* Sources */,
				292A15001F1B415A00460A77 /* Frameworks */,
				292A15011F1B415A00460A77 /* Resources */,
			);
			buildRules = (
			);
			dependencies = (
			);
			name = MemeMeV2;
			productName = MemeMeV2;
			productReference = 292A15031F1B415A00460A77 /* MemeMeV2.app */;
			productType = "com.apple.product-type.application";
		};
/* End PBXNativeTarget section */

/* Begin PBXProject section */
		292A14FB1F1B415A00460A77 /* Project object */ = {
			isa = PBXProject;
			attributes = {
				LastSwiftUpdateCheck = 0830;
				LastUpgradeCheck = 0830;
				ORGANIZATIONNAME = "Yu-Jen Chang";
				TargetAttributes = {
					292A15021F1B415A00460A77 = {
						CreatedOnToolsVersion = 8.3.3;
						DevelopmentTeam = 4P6C7Q8A3P;
						ProvisioningStyle = Automatic;
					};
				};
			};
			buildConfigurationList = 292A14FE1F1B415A00460A77 /* Build configuration list for PBXProject "MemeMeV2" */;
			compatibilityVersion = "Xcode 3.2";
			developmentRegion = English;
			hasScannedForEncodings = 0;
			knownRegions = (
				en,
				Base,
			);
			mainGroup = 292A14FA1F1B415A00460A77;
			productRefGroup = 292A15041F1B415A00460A77 /* Products */;
			projectDirPath = "";
			projectRoot = "";
			targets = (
				292A15021F1B415A00460A77 /* MemeMeV2 */,
			);
		};
/* End PBXProject section */

/* Begin PBXResourcesBuildPhase section */
		292A15011F1B415A00460A77 /* Resources */ = {
			isa = PBXResourcesBuildPhase;
			buildActionMask = 2147483647;
			files = (
				292A15111F1B415A00460A77 /* LaunchScreen.storyboard in Resources */,
				292A150E1F1B415A00460A77 /* Assets.xcassets in Resources */,
				292A150C1F1B415A00460A77 /* Main.storyboard in Resources */,
			);
			runOnlyForDeploymentPostprocessing = 0;
		};
/* End PBXResourcesBuildPhase section */

/* Begin PBXSourcesBuildPhase section */
		292A14FF1F1B415A00460A77 /* Sources */ = {
			isa = PBXSourcesBuildPhase;
			buildActionMask = 2147483647;
			files = (
				292A15091F1B415A00460A77 /* MemeEditorViewController.swift in Sources */,
				292A15071F1B415A00460A77 /* AppDelegate.swift in Sources */,
				292A15191F1B468B00460A77 /* TextFieldDelegate.swift in Sources */,
				299B6ACF1F25C51F000272AD /* MemeDetailViewController.swift in Sources */,
				299B6ACD1F25A6BA000272AD /* SentMemesTableViewController.swift in Sources */,
				292A151B1F1B46AA00460A77 /* MemeModel.swift in Sources */,
			);
			runOnlyForDeploymentPostprocessing = 0;
		};
/* End PBXSourcesBuildPhase section */

/* Begin PBXVariantGroup section */
		292A150A1F1B415A00460A77 /* Main.storyboard */ = {
			isa = PBXVariantGroup;
			children = (
				292A150B1F1B415A00460A77 /* Base */,
			);
			name = Main.storyboard;
			sourceTree = "<group>";
		};
		292A150F1F1B415A00460A77 /* LaunchScreen.storyboard */ = {
			isa = PBXVariantGroup;
			children = (
				292A15101F1B415A00460A77 /* Base */,
			);
			name = LaunchScreen.storyboard;
			sourceTree = "<group>";
		};
/* End PBXVariantGroup section */

/* Begin XCBuildConfiguration section */
		292A15131F1B415A00460A77 /* Debug */ = {
			isa = XCBuildConfiguration;
			buildSettings = {
				ALWAYS_SEARCH_USER_PATHS = NO;
				CLANG_ANALYZER_NONNULL = YES;
				CLANG_ANALYZER_NUMBER_OBJECT_CONVERSION = YES_AGGRESSIVE;
				CLANG_CXX_LANGUAGE_STANDARD = "gnu++0x";
				CLANG_CXX_LIBRARY = "libc++";
				CLANG_ENABLE_MODULES = YES;
				CLANG_ENABLE_OBJC_ARC = YES;
				CLANG_WARN_BOOL_CONVERSION = YES;
				CLANG_WARN_CONSTANT_CONVERSION = YES;
				CLANG_WARN_DIRECT_OBJC_ISA_USAGE = YES_ERROR;
				CLANG_WARN_DOCUMENTATION_COMMENTS = YES;
				CLANG_WARN_EMPTY_BODY = YES;
				CLANG_WARN_ENUM_CONVERSION = YES;
				CLANG_WARN_INFINITE_RECURSION = YES;
				CLANG_WARN_INT_CONVERSION = YES;
				CLANG_WARN_OBJC_ROOT_CLASS = YES_ERROR;
				CLANG_WARN_SUSPICIOUS_MOVE = YES;
				CLANG_WARN_UNREACHABLE_CODE = YES;
				CLANG_WARN__DUPLICATE_METHOD_MATCH = YES;
				"CODE_SIGN_IDENTITY[sdk=iphoneos*]" = "iPhone Developer";
				COPY_PHASE_STRIP = NO;
				DEBUG_INFORMATION_FORMAT = dwarf;
				ENABLE_STRICT_OBJC_MSGSEND = YES;
				ENABLE_TESTABILITY = YES;
				GCC_C_LANGUAGE_STANDARD = gnu99;
				GCC_DYNAMIC_NO_PIC = NO;
				GCC_NO_COMMON_BLOCKS = YES;
				GCC_OPTIMIZATION_LEVEL = 0;
				GCC_PREPROCESSOR_DEFINITIONS = (
					"DEBUG=1",
					"$(inherited)",
				);
				GCC_WARN_64_TO_32_BIT_CONVERSION = YES;
				GCC_WARN_ABOUT_RETURN_TYPE = YES_ERROR;
				GCC_WARN_UNDECLARED_SELECTOR = YES;
				GCC_WARN_UNINITIALIZED_AUTOS = YES_AGGRESSIVE;
				GCC_WARN_UNUSED_FUNCTION = YES;
				GCC_WARN_UNUSED_VARIABLE = YES;
				IPHONEOS_DEPLOYMENT_TARGET = 10.3;
				MTL_ENABLE_DEBUG_INFO = YES;
				ONLY_ACTIVE_ARCH = YES;
				SDKROOT = iphoneos;
				SWIFT_ACTIVE_COMPILATION_CONDITIONS = DEBUG;
				SWIFT_OPTIMIZATION_LEVEL = "-Onone";
				TARGETED_DEVICE_FAMILY = "1,2";
			};
			name = Debug;
		};
		292A15141F1B415A00460A77 /* Release */ = {
			isa = XCBuildConfiguration;
			buildSettings = {
				ALWAYS_SEARCH_USER_PATHS = NO;
				CLANG_ANALYZER_NONNULL = YES;
				CLANG_ANALYZER_NUMBER_OBJECT_CONVERSION = YES_AGGRESSIVE;
				CLANG_CXX_LANGUAGE_STANDARD = "gnu++0x";
				CLANG_CXX_LIBRARY = "libc++";
				CLANG_ENABLE_MODULES = YES;
				CLANG_ENABLE_OBJC_ARC = YES;
				CLANG_WARN_BOOL_CONVERSION = YES;
				CLANG_WARN_CONSTANT_CONVERSION = YES;
				CLANG_WARN_DIRECT_OBJC_ISA_USAGE = YES_ERROR;
				CLANG_WARN_DOCUMENTATION_COMMENTS = YES;
				CLANG_WARN_EMPTY_BODY = YES;
				CLANG_WARN_ENUM_CONVERSION = YES;
				CLANG_WARN_INFINITE_RECURSION = YES;
				CLANG_WARN_INT_CONVERSION = YES;
				CLANG_WARN_OBJC_ROOT_CLASS = YES_ERROR;
				CLANG_WARN_SUSPICIOUS_MOVE = YES;
				CLANG_WARN_UNREACHABLE_CODE = YES;
				CLANG_WARN__DUPLICATE_METHOD_MATCH = YES;
				"CODE_SIGN_IDENTITY[sdk=iphoneos*]" = "iPhone Developer";
				COPY_PHASE_STRIP = NO;
				DEBUG_INFORMATION_FORMAT = "dwarf-with-dsym";
				ENABLE_NS_ASSERTIONS = NO;
				ENABLE_STRICT_OBJC_MSGSEND = YES;
				GCC_C_LANGUAGE_STANDARD = gnu99;
				GCC_NO_COMMON_BLOCKS = YES;
				GCC_WARN_64_TO_32_BIT_CONVERSION = YES;
				GCC_WARN_ABOUT_RETURN_TYPE = YES_ERROR;
				GCC_WARN_UNDECLARED_SELECTOR = YES;
				GCC_WARN_UNINITIALIZED_AUTOS = YES_AGGRESSIVE;
				GCC_WARN_UNUSED_FUNCTION = YES;
				GCC_WARN_UNUSED_VARIABLE = YES;
				IPHONEOS_DEPLOYMENT_TARGET = 10.3;
				MTL_ENABLE_DEBUG_INFO = NO;
				SDKROOT = iphoneos;
				SWIFT_OPTIMIZATION_LEVEL = "-Owholemodule";
				TARGETED_DEVICE_FAMILY = "1,2";
				VALIDATE_PRODUCT = YES;
			};
			name = Release;
		};
		292A15161F1B415A00460A77 /* Debug */ = {
			isa = XCBuildConfiguration;
			buildSettings = {
				ASSETCATALOG_COMPILER_APPICON_NAME = AppIcon;
				DEVELOPMENT_TEAM = 4P6C7Q8A3P;
				INFOPLIST_FILE = MemeMeV2/Info.plist;
				LD_RUNPATH_SEARCH_PATHS = "$(inherited) @executable_path/Frameworks";
				PRODUCT_BUNDLE_IDENTIFIER = com.yujen.MemeMeV2;
				PRODUCT_NAME = "$(TARGET_NAME)";
				SWIFT_VERSION = 3.0;
			};
			name = Debug;
		};
		292A15171F1B415A00460A77 /* Release */ = {
			isa = XCBuildConfiguration;
			buildSettings = {
				ASSETCATALOG_COMPILER_APPICON_NAME = AppIcon;
				DEVELOPMENT_TEAM = 4P6C7Q8A3P;
				INFOPLIST_FILE = MemeMeV2/Info.plist;
				LD_RUNPATH_SEARCH_PATHS = "$(inherited) @executable_path/Frameworks";
				PRODUCT_BUNDLE_IDENTIFIER = com.yujen.MemeMeV2;
				PRODUCT_NAME = "$(TARGET_NAME)";
				SWIFT_VERSION = 3.0;
			};
			name = Release;
		};
/* End XCBuildConfiguration section */

/* Begin XCConfigurationList section */
		292A14FE1F1B415A00460A77 /* Build configuration list for PBXProject "MemeMeV2" */ = {
			isa = XCConfigurationList;
			buildConfigurations = (
				292A15131F1B415A00460A77 /* Debug */,
				292A15141F1B415A00460A77 /* Release */,
			);
			defaultConfigurationIsVisible = 0;
			defaultConfigurationName = Release;
		};
		292A15151F1B415A00460A77 /* Build configuration list for PBXNativeTarget "MemeMeV2" */ = {
			isa = XCConfigurationList;
			buildConfigurations = (
				292A15161F1B415A00460A77 /* Debug */,
				292A15171F1B415A00460A77 /* Release */,
			);
			defaultConfigurationIsVisible = 0;
			defaultConfigurationName = Release;
		};
/* End XCConfigurationList section */
	};
	rootObject = 292A14FB1F1B415A00460A77 /* Project object */;
}
